// !$*UTF8*$!
{
	archiveVersion = 1;
	classes = {
	};
	objectVersion = 50;
	objects = {

/* Begin PBXBuildFile section */
		4296BD3F254E493100F1D923 /* Landmark.swift in Sources */ = {isa = PBXBuildFile; fileRef = 4296BD3E254E493100F1D923 /* Landmark.swift */; };
		4296BD43254E4C6900F1D923 /* Data.swift in Sources */ = {isa = PBXBuildFile; fileRef = 4296BD42254E4C6900F1D923 /* Data.swift */; };
		4296BD57254E4EC000F1D923 /* turtlerock.jpg in Resources */ = {isa = PBXBuildFile; fileRef = 4296BD4A254E4EC000F1D923 /* turtlerock.jpg */; };
		4296BD58254E4EC000F1D923 /* silversalmoncreek.jpg in Resources */ = {isa = PBXBuildFile; fileRef = 4296BD4B254E4EC000F1D923 /* silversalmoncreek.jpg */; };
		4296BD59254E4EC000F1D923 /* icybay.jpg in Resources */ = {isa = PBXBuildFile; fileRef = 4296BD4C254E4EC000F1D923 /* icybay.jpg */; };
		4296BD5A254E4EC000F1D923 /* lakemcdonald.jpg in Resources */ = {isa = PBXBuildFile; fileRef = 4296BD4D254E4EC000F1D923 /* lakemcdonald.jpg */; };
		4296BD5B254E4EC000F1D923 /* hiddenlake.jpg in Resources */ = {isa = PBXBuildFile; fileRef = 4296BD4E254E4EC000F1D923 /* hiddenlake.jpg */; };
		4296BD5C254E4EC000F1D923 /* twinlake.jpg in Resources */ = {isa = PBXBuildFile; fileRef = 4296BD4F254E4EC000F1D923 /* twinlake.jpg */; };
		4296BD5D254E4EC000F1D923 /* umbagog.jpg in Resources */ = {isa = PBXBuildFile; fileRef = 4296BD50254E4EC000F1D923 /* umbagog.jpg */; };
		4296BD5E254E4EC000F1D923 /* landmarkData.json in Resources */ = {isa = PBXBuildFile; fileRef = 4296BD51254E4EC000F1D923 /* landmarkData.json */; };
		4296BD5F254E4EC000F1D923 /* chincoteague.jpg in Resources */ = {isa = PBXBuildFile; fileRef = 4296BD52254E4EC000F1D923 /* chincoteague.jpg */; };
		4296BD60254E4EC000F1D923 /* yukon_charleyrivers.jpg in Resources */ = {isa = PBXBuildFile; fileRef = 4296BD53254E4EC000F1D923 /* yukon_charleyrivers.jpg */; };
		4296BD61254E4EC000F1D923 /* stmarylake.jpg in Resources */ = {isa = PBXBuildFile; fileRef = 4296BD54254E4EC000F1D923 /* stmarylake.jpg */; };
		4296BD62254E4EC000F1D923 /* chilkoottrail.jpg in Resources */ = {isa = PBXBuildFile; fileRef = 4296BD55254E4EC000F1D923 /* chilkoottrail.jpg */; };
		4296BD63254E4EC000F1D923 /* rainbowlake.jpg in Resources */ = {isa = PBXBuildFile; fileRef = 4296BD56254E4EC000F1D923 /* rainbowlake.jpg */; };
		4296BD66254E4F3000F1D923 /* LandmarkDetail.swift in Sources */ = {isa = PBXBuildFile; fileRef = 4296BD65254E4F3000F1D923 /* LandmarkDetail.swift */; };
		4296BD6A254E509600F1D923 /* LandmarkRow.swift in Sources */ = {isa = PBXBuildFile; fileRef = 4296BD69254E509600F1D923 /* LandmarkRow.swift */; };
		4296BD6D254E540300F1D923 /* LandmarkList.swift in Sources */ = {isa = PBXBuildFile; fileRef = 4296BD6C254E540300F1D923 /* LandmarkList.swift */; };
		4296BD71254E57B000F1D923 /* LandmarkNavList.swift in Sources */ = {isa = PBXBuildFile; fileRef = 4296BD70254E57B000F1D923 /* LandmarkNavList.swift */; };
		42A56124254D945300632628 /* LandmarksApp.swift in Sources */ = {isa = PBXBuildFile; fileRef = 42A56123254D945300632628 /* LandmarksApp.swift */; };
		42A56126254D945300632628 /* ContentView.swift in Sources */ = {isa = PBXBuildFile; fileRef = 42A56125254D945300632628 /* ContentView.swift */; };
		42A56128254D945400632628 /* Assets.xcassets in Resources */ = {isa = PBXBuildFile; fileRef = 42A56127254D945400632628 /* Assets.xcassets */; };
		42A5612B254D945400632628 /* Preview Assets.xcassets in Resources */ = {isa = PBXBuildFile; fileRef = 42A5612A254D945400632628 /* Preview Assets.xcassets */; };
		42A56135254DA63400632628 /* CircleImage.swift in Sources */ = {isa = PBXBuildFile; fileRef = 42A56134254DA63400632628 /* CircleImage.swift */; };
		42A56139254DA8FB00632628 /* MapView.swift in Sources */ = {isa = PBXBuildFile; fileRef = 42A56138254DA8FB00632628 /* MapView.swift */; };
/* End PBXBuildFile section */

/* Begin PBXFileReference section */
		4296BD3E254E493100F1D923 /* Landmark.swift */ = {isa = PBXFileReference; lastKnownFileType = sourcecode.swift; path = Landmark.swift; sourceTree = "<group>"; };
		4296BD42254E4C6900F1D923 /* Data.swift */ = {isa = PBXFileReference; lastKnownFileType = sourcecode.swift; path = Data.swift; sourceTree = "<group>"; };
		4296BD4A254E4EC000F1D923 /* turtlerock.jpg */ = {isa = PBXFileReference; lastKnownFileType = image.jpeg; path = turtlerock.jpg; sourceTree = "<group>"; };
		4296BD4B254E4EC000F1D923 /* silversalmoncreek.jpg */ = {isa = PBXFileReference; lastKnownFileType = image.jpeg; path = silversalmoncreek.jpg; sourceTree = "<group>"; };
		4296BD4C254E4EC000F1D923 /* icybay.jpg */ = {isa = PBXFileReference; lastKnownFileType = image.jpeg; path = icybay.jpg; sourceTree = "<group>"; };
		4296BD4D254E4EC000F1D923 /* lakemcdonald.jpg */ = {isa = PBXFileReference; lastKnownFileType = image.jpeg; path = lakemcdonald.jpg; sourceTree = "<group>"; };
		4296BD4E254E4EC000F1D923 /* hiddenlake.jpg */ = {isa = PBXFileReference; lastKnownFileType = image.jpeg; path = hiddenlake.jpg; sourceTree = "<group>"; };
		4296BD4F254E4EC000F1D923 /* twinlake.jpg */ = {isa = PBXFileReference; lastKnownFileType = image.jpeg; path = twinlake.jpg; sourceTree = "<group>"; };
		4296BD50254E4EC000F1D923 /* umbagog.jpg */ = {isa = PBXFileReference; lastKnownFileType = image.jpeg; path = umbagog.jpg; sourceTree = "<group>"; };
		4296BD51254E4EC000F1D923 /* landmarkData.json */ = {isa = PBXFileReference; fileEncoding = 4; lastKnownFileType = text.json; path = landmarkData.json; sourceTree = "<group>"; };
		4296BD52254E4EC000F1D923 /* chincoteague.jpg */ = {isa = PBXFileReference; lastKnownFileType = image.jpeg; path = chincoteague.jpg; sourceTree = "<group>"; };
		4296BD53254E4EC000F1D923 /* yukon_charleyrivers.jpg */ = {isa = PBXFileReference; lastKnownFileType = image.jpeg; path = yukon_charleyrivers.jpg; sourceTree = "<group>"; };
		4296BD54254E4EC000F1D923 /* stmarylake.jpg */ = {isa = PBXFileReference; lastKnownFileType = image.jpeg; path = stmarylake.jpg; sourceTree = "<group>"; };
		4296BD55254E4EC000F1D923 /* chilkoottrail.jpg */ = {isa = PBXFileReference; lastKnownFileType = image.jpeg; path = chilkoottrail.jpg; sourceTree = "<group>"; };
		4296BD56254E4EC000F1D923 /* rainbowlake.jpg */ = {isa = PBXFileReference; lastKnownFileType = image.jpeg; path = rainbowlake.jpg; sourceTree = "<group>"; };
		4296BD65254E4F3000F1D923 /* LandmarkDetail.swift */ = {isa = PBXFileReference; lastKnownFileType = sourcecode.swift; path = LandmarkDetail.swift; sourceTree = "<group>"; };
		4296BD69254E509600F1D923 /* LandmarkRow.swift */ = {isa = PBXFileReference; lastKnownFileType = sourcecode.swift; path = LandmarkRow.swift; sourceTree = "<group>"; };
		4296BD6C254E540300F1D923 /* LandmarkList.swift */ = {isa = PBXFileReference; lastKnownFileType = sourcecode.swift; path = LandmarkList.swift; sourceTree = "<group>"; };
		4296BD70254E57B000F1D923 /* LandmarkNavList.swift */ = {isa = PBXFileReference; lastKnownFileType = sourcecode.swift; path = LandmarkNavList.swift; sourceTree = "<group>"; };
		42A56120254D945300632628 /* Landmarks.app */ = {isa = PBXFileReference; explicitFileType = wrapper.application; includeInIndex = 0; path = Landmarks.app; sourceTree = BUILT_PRODUCTS_DIR; };
		42A56123254D945300632628 /* LandmarksApp.swift */ = {isa = PBXFileReference; lastKnownFileType = sourcecode.swift; path = LandmarksApp.swift; sourceTree = "<group>"; };
		42A56125254D945300632628 /* ContentView.swift */ = {isa = PBXFileReference; lastKnownFileType = sourcecode.swift; path = ContentView.swift; sourceTree = "<group>"; };
		42A56127254D945400632628 /* Assets.xcassets */ = {isa = PBXFileReference; lastKnownFileType = folder.assetcatalog; path = Assets.xcassets; sourceTree = "<group>"; };
		42A5612A254D945400632628 /* Preview Assets.xcassets */ = {isa = PBXFileReference; lastKnownFileType = folder.assetcatalog; path = "Preview Assets.xcassets"; sourceTree = "<group>"; };
		42A5612C254D945400632628 /* Info.plist */ = {isa = PBXFileReference; lastKnownFileType = text.plist.xml; path = Info.plist; sourceTree = "<group>"; };
		42A56134254DA63400632628 /* CircleImage.swift */ = {isa = PBXFileReference; lastKnownFileType = sourcecode.swift; path = CircleImage.swift; sourceTree = "<group>"; };
		42A56138254DA8FB00632628 /* MapView.swift */ = {isa = PBXFileReference; lastKnownFileType = sourcecode.swift; path = MapView.swift; sourceTree = "<group>"; };
/* End PBXFileReference section */

/* Begin PBXFrameworksBuildPhase section */
		42A5611D254D945300632628 /* Frameworks */ = {
			isa = PBXFrameworksBuildPhase;
			buildActionMask = 2147483647;
			files = (
			);
			runOnlyForDeploymentPostprocessing = 0;
		};
/* End PBXFrameworksBuildPhase section */

/* Begin PBXGroup section */
		4296BD38254E48F700F1D923 /* Models */ = {
			isa = PBXGroup;
			children = (
				4296BD42254E4C6900F1D923 /* Data.swift */,
				4296BD3E254E493100F1D923 /* Landmark.swift */,
			);
			path = Models;
			sourceTree = "<group>";
		};
		4296BD49254E4EC000F1D923 /* Resources */ = {
			isa = PBXGroup;
			children = (
				4296BD4A254E4EC000F1D923 /* turtlerock.jpg */,
				4296BD4B254E4EC000F1D923 /* silversalmoncreek.jpg */,
				4296BD4C254E4EC000F1D923 /* icybay.jpg */,
				4296BD4D254E4EC000F1D923 /* lakemcdonald.jpg */,
				4296BD4E254E4EC000F1D923 /* hiddenlake.jpg */,
				4296BD4F254E4EC000F1D923 /* twinlake.jpg */,
				4296BD50254E4EC000F1D923 /* umbagog.jpg */,
				4296BD51254E4EC000F1D923 /* landmarkData.json */,
				4296BD52254E4EC000F1D923 /* chincoteague.jpg */,
				4296BD53254E4EC000F1D923 /* yukon_charleyrivers.jpg */,
				4296BD54254E4EC000F1D923 /* stmarylake.jpg */,
				4296BD55254E4EC000F1D923 /* chilkoottrail.jpg */,
				4296BD56254E4EC000F1D923 /* rainbowlake.jpg */,
			);
			path = Resources;
			sourceTree = "<group>";
		};
		42A56117254D945300632628 = {
			isa = PBXGroup;
			children = (
				42A56122254D945300632628 /* Landmarks */,
				42A56121254D945300632628 /* Products */,
			);
			sourceTree = "<group>";
		};
		42A56121254D945300632628 /* Products */ = {
			isa = PBXGroup;
			children = (
				42A56120254D945300632628 /* Landmarks.app */,
			);
			name = Products;
			sourceTree = "<group>";
		};
		42A56122254D945300632628 /* Landmarks */ = {
			isa = PBXGroup;
			children = (
				42A56123254D945300632628 /* LandmarksApp.swift */,
				42A56125254D945300632628 /* ContentView.swift */,
				42A56134254DA63400632628 /* CircleImage.swift */,
				42A56138254DA8FB00632628 /* MapView.swift */,
				4296BD65254E4F3000F1D923 /* LandmarkDetail.swift */,
				4296BD69254E509600F1D923 /* LandmarkRow.swift */,
				4296BD6C254E540300F1D923 /* LandmarkList.swift */,
				4296BD70254E57B000F1D923 /* LandmarkNavList.swift */,
				4296BD38254E48F700F1D923 /* Models */,
				4296BD49254E4EC000F1D923 /* Resources */,
				42A56127254D945400632628 /* Assets.xcassets */,
				42A5612C254D945400632628 /* Info.plist */,
				42A56129254D945400632628 /* Preview Content */,
			);
			path = Landmarks;
			sourceTree = "<group>";
		};
		42A56129254D945400632628 /* Preview Content */ = {
			isa = PBXGroup;
			children = (
				42A5612A254D945400632628 /* Preview Assets.xcassets */,
			);
			path = "Preview Content";
			sourceTree = "<group>";
		};
/* End PBXGroup section */

/* Begin PBXNativeTarget section */
		42A5611F254D945300632628 /* Landmarks */ = {
			isa = PBXNativeTarget;
			buildConfigurationList = 42A5612F254D945400632628 /* Build configuration list for PBXNativeTarget "Landmarks" */;
			buildPhases = (
				42A5611C254D945300632628 /* Sources */,
				42A5611D254D945300632628 /* Frameworks */,
				42A5611E254D945300632628 /* Resources */,
			);
			buildRules = (
			);
			dependencies = (
			);
			name = Landmarks;
			productName = Landmarks;
			productReference = 42A56120254D945300632628 /* Landmarks.app */;
			productType = "com.apple.product-type.application";
		};
/* End PBXNativeTarget section */

/* Begin PBXProject section */
		42A56118254D945300632628 /* Project object */ = {
			isa = PBXProject;
			attributes = {
				LastSwiftUpdateCheck = 1200;
				LastUpgradeCheck = 1200;
				TargetAttributes = {
					42A5611F254D945300632628 = {
						CreatedOnToolsVersion = 12.0.1;
					};
				};
			};
			buildConfigurationList = 42A5611B254D945300632628 /* Build configuration list for PBXProject "Landmarks" */;
			compatibilityVersion = "Xcode 9.3";
			developmentRegion = en;
			hasScannedForEncodings = 0;
			knownRegions = (
				en,
				Base,
			);
			mainGroup = 42A56117254D945300632628;
			productRefGroup = 42A56121254D945300632628 /* Products */;
			projectDirPath = "";
			projectRoot = "";
			targets = (
				42A5611F254D945300632628 /* Landmarks */,
			);
		};
/* End PBXProject section */

/* Begin PBXResourcesBuildPhase section */
		42A5611E254D945300632628 /* Resources */ = {
			isa = PBXResourcesBuildPhase;
			buildActionMask = 2147483647;
			files = (
				4296BD5A254E4EC000F1D923 /* lakemcdonald.jpg in Resources */,
				4296BD63254E4EC000F1D923 /* rainbowlake.jpg in Resources */,
				42A5612B254D945400632628 /* Preview Assets.xcassets in Resources */,
				4296BD5C254E4EC000F1D923 /* twinlake.jpg in Resources */,
				4296BD61254E4EC000F1D923 /* stmarylake.jpg in Resources */,
				4296BD5E254E4EC000F1D923 /* landmarkData.json in Resources */,
				4296BD58254E4EC000F1D923 /* silversalmoncreek.jpg in Resources */,
				42A56128254D945400632628 /* Assets.xcassets in Resources */,
				4296BD59254E4EC000F1D923 /* icybay.jpg in Resources */,
				4296BD5F254E4EC000F1D923 /* chincoteague.jpg in Resources */,
				4296BD62254E4EC000F1D923 /* chilkoottrail.jpg in Resources */,
				4296BD5D254E4EC000F1D923 /* umbagog.jpg in Resources */,
				4296BD57254E4EC000F1D923 /* turtlerock.jpg in Resources */,
				4296BD60254E4EC000F1D923 /* yukon_charleyrivers.jpg in Resources */,
				4296BD5B254E4EC000F1D923 /* hiddenlake.jpg in Resources */,
			);
			runOnlyForDeploymentPostprocessing = 0;
		};
/* End PBXResourcesBuildPhase section */

/* Begin PBXSourcesBuildPhase section */
		42A5611C254D945300632628 /* Sources */ = {
			isa = PBXSourcesBuildPhase;
			buildActionMask = 2147483647;
			files = (
				42A56126254D945300632628 /* ContentView.swift in Sources */,
				4296BD43254E4C6900F1D923 /* Data.swift in Sources */,
				42A56139254DA8FB00632628 /* MapView.swift in Sources */,
				42A56124254D945300632628 /* LandmarksApp.swift in Sources */,
				4296BD6D254E540300F1D923 /* LandmarkList.swift in Sources */,
				42A56135254DA63400632628 /* CircleImage.swift in Sources */,
				4296BD3F254E493100F1D923 /* Landmark.swift in Sources */,
				4296BD6A254E509600F1D923 /* LandmarkRow.swift in Sources */,
				4296BD66254E4F3000F1D923 /* LandmarkDetail.swift in Sources */,
				4296BD71254E57B000F1D923 /* LandmarkNavList.swift in Sources */,
			);
			runOnlyForDeploymentPostprocessing = 0;
		};
/* End PBXSourcesBuildPhase section */

/* Begin XCBuildConfiguration section */
		42A5612D254D945400632628 /* Debug */ = {
			isa = XCBuildConfiguration;
			buildSettings = {
				ALWAYS_SEARCH_USER_PATHS = NO;
				CLANG_ANALYZER_NONNULL = YES;
				CLANG_ANALYZER_NUMBER_OBJECT_CONVERSION = YES_AGGRESSIVE;
				CLANG_CXX_LANGUAGE_STANDARD = "gnu++14";
				CLANG_CXX_LIBRARY = "libc++";
				CLANG_ENABLE_MODULES = YES;
				CLANG_ENABLE_OBJC_ARC = YES;
				CLANG_ENABLE_OBJC_WEAK = YES;
				CLANG_WARN_BLOCK_CAPTURE_AUTORELEASING = YES;
				CLANG_WARN_BOOL_CONVERSION = YES;
				CLANG_WARN_COMMA = YES;
				CLANG_WARN_CONSTANT_CONVERSION = YES;
				CLANG_WARN_DEPRECATED_OBJC_IMPLEMENTATIONS = YES;
				CLANG_WARN_DIRECT_OBJC_ISA_USAGE = YES_ERROR;
				CLANG_WARN_DOCUMENTATION_COMMENTS = YES;
				CLANG_WARN_EMPTY_BODY = YES;
				CLANG_WARN_ENUM_CONVERSION = YES;
				CLANG_WARN_INFINITE_RECURSION = YES;
				CLANG_WARN_INT_CONVERSION = YES;
				CLANG_WARN_NON_LITERAL_NULL_CONVERSION = YES;
				CLANG_WARN_OBJC_IMPLICIT_RETAIN_SELF = YES;
				CLANG_WARN_OBJC_LITERAL_CONVERSION = YES;
				CLANG_WARN_OBJC_ROOT_CLASS = YES_ERROR;
				CLANG_WARN_QUOTED_INCLUDE_IN_FRAMEWORK_HEADER = YES;
				CLANG_WARN_RANGE_LOOP_ANALYSIS = YES;
				CLANG_WARN_STRICT_PROTOTYPES = YES;
				CLANG_WARN_SUSPICIOUS_MOVE = YES;
				CLANG_WARN_UNGUARDED_AVAILABILITY = YES_AGGRESSIVE;
				CLANG_WARN_UNREACHABLE_CODE = YES;
				CLANG_WARN__DUPLICATE_METHOD_MATCH = YES;
				COPY_PHASE_STRIP = NO;
				DEBUG_INFORMATION_FORMAT = dwarf;
				ENABLE_STRICT_OBJC_MSGSEND = YES;
				ENABLE_TESTABILITY = YES;
				GCC_C_LANGUAGE_STANDARD = gnu11;
				GCC_DYNAMIC_NO_PIC = NO;
				GCC_NO_COMMON_BLOCKS = YES;
				GCC_OPTIMIZATION_LEVEL = 0;
				GCC_PREPROCESSOR_DEFINITIONS = (
					"DEBUG=1",
					"$(inherited)",
				);
				GCC_WARN_64_TO_32_BIT_CONVERSION = YES;
				GCC_WARN_ABOUT_RETURN_TYPE = YES_ERROR;
				GCC_WARN_UNDECLARED_SELECTOR = YES;
				GCC_WARN_UNINITIALIZED_AUTOS = YES_AGGRESSIVE;
				GCC_WARN_UNUSED_FUNCTION = YES;
				GCC_WARN_UNUSED_VARIABLE = YES;
				IPHONEOS_DEPLOYMENT_TARGET = 14.0;
				MTL_ENABLE_DEBUG_INFO = INCLUDE_SOURCE;
				MTL_FAST_MATH = YES;
				ONLY_ACTIVE_ARCH = YES;
				SDKROOT = iphoneos;
				SWIFT_ACTIVE_COMPILATION_CONDITIONS = DEBUG;
				SWIFT_OPTIMIZATION_LEVEL = "-Onone";
			};
			name = Debug;
		};
		42A5612E254D945400632628 /* Release */ = {
			isa = XCBuildConfiguration;
			buildSettings = {
				ALWAYS_SEARCH_USER_PATHS = NO;
				CLANG_ANALYZER_NONNULL = YES;
				CLANG_ANALYZER_NUMBER_OBJECT_CONVERSION = YES_AGGRESSIVE;
				CLANG_CXX_LANGUAGE_STANDARD = "gnu++14";
				CLANG_CXX_LIBRARY = "libc++";
				CLANG_ENABLE_MODULES = YES;
				CLANG_ENABLE_OBJC_ARC = YES;
				CLANG_ENABLE_OBJC_WEAK = YES;
				CLANG_WARN_BLOCK_CAPTURE_AUTORELEASING = YES;
				CLANG_WARN_BOOL_CONVERSION = YES;
				CLANG_WARN_COMMA = YES;
				CLANG_WARN_CONSTANT_CONVERSION = YES;
				CLANG_WARN_DEPRECATED_OBJC_IMPLEMENTATIONS = YES;
				CLANG_WARN_DIRECT_OBJC_ISA_USAGE = YES_ERROR;
				CLANG_WARN_DOCUMENTATION_COMMENTS = YES;
				CLANG_WARN_EMPTY_BODY = YES;
				CLANG_WARN_ENUM_CONVERSION = YES;
				CLANG_WARN_INFINITE_RECURSION = YES;
				CLANG_WARN_INT_CONVERSION = YES;
				CLANG_WARN_NON_LITERAL_NULL_CONVERSION = YES;
				CLANG_WARN_OBJC_IMPLICIT_RETAIN_SELF = YES;
				CLANG_WARN_OBJC_LITERAL_CONVERSION = YES;
				CLANG_WARN_OBJC_ROOT_CLASS = YES_ERROR;
				CLANG_WARN_QUOTED_INCLUDE_IN_FRAMEWORK_HEADER = YES;
				CLANG_WARN_RANGE_LOOP_ANALYSIS = YES;
				CLANG_WARN_STRICT_PROTOTYPES = YES;
				CLANG_WARN_SUSPICIOUS_MOVE = YES;
				CLANG_WARN_UNGUARDED_AVAILABILITY = YES_AGGRESSIVE;
				CLANG_WARN_UNREACHABLE_CODE = YES;
				CLANG_WARN__DUPLICATE_METHOD_MATCH = YES;
				COPY_PHASE_STRIP = NO;
				DEBUG_INFORMATION_FORMAT = "dwarf-with-dsym";
				ENABLE_NS_ASSERTIONS = NO;
				ENABLE_STRICT_OBJC_MSGSEND = YES;
				GCC_C_LANGUAGE_STANDARD = gnu11;
				GCC_NO_COMMON_BLOCKS = YES;
				GCC_WARN_64_TO_32_BIT_CONVERSION = YES;
				GCC_WARN_ABOUT_RETURN_TYPE = YES_ERROR;
				GCC_WARN_UNDECLARED_SELECTOR = YES;
				GCC_WARN_UNINITIALIZED_AUTOS = YES_AGGRESSIVE;
				GCC_WARN_UNUSED_FUNCTION = YES;
				GCC_WARN_UNUSED_VARIABLE = YES;
				IPHONEOS_DEPLOYMENT_TARGET = 14.0;
				MTL_ENABLE_DEBUG_INFO = NO;
				MTL_FAST_MATH = YES;
				SDKROOT = iphoneos;
				SWIFT_COMPILATION_MODE = wholemodule;
				SWIFT_OPTIMIZATION_LEVEL = "-O";
				VALIDATE_PRODUCT = YES;
			};
			name = Release;
		};
		42A56130254D945400632628 /* Debug */ = {
			isa = XCBuildConfiguration;
			buildSettings = {
				ASSETCATALOG_COMPILER_APPICON_NAME = AppIcon;
				ASSETCATALOG_COMPILER_GLOBAL_ACCENT_COLOR_NAME = AccentColor;
				CODE_SIGN_STYLE = Automatic;
				DEVELOPMENT_ASSET_PATHS = "\"Landmarks/Preview Content\"";
				ENABLE_PREVIEWS = YES;
				INFOPLIST_FILE = Landmarks/Info.plist;
				IPHONEOS_DEPLOYMENT_TARGET = 14.0;
				LD_RUNPATH_SEARCH_PATHS = (
					"$(inherited)",
					"@executable_path/Frameworks",
				);
				PRODUCT_BUNDLE_IDENTIFIER = com.cc.Landmarks;
				PRODUCT_NAME = "$(TARGET_NAME)";
				SWIFT_VERSION = 5.0;
				TARGETED_DEVICE_FAMILY = "1,2";
			};
			name = Debug;
		};
		42A56131254D945400632628 /* Release */ = {
			isa = XCBuildConfiguration;
			buildSettings = {
				ASSETCATALOG_COMPILER_APPICON_NAME = AppIcon;
				ASSETCATALOG_COMPILER_GLOBAL_ACCENT_COLOR_NAME = AccentColor;
				CODE_SIGN_STYLE = Automatic;
				DEVELOPMENT_ASSET_PATHS = "\"Landmarks/Preview Content\"";
				ENABLE_PREVIEWS = YES;
				INFOPLIST_FILE = Landmarks/Info.plist;
				IPHONEOS_DEPLOYMENT_TARGET = 14.0;
				LD_RUNPATH_SEARCH_PATHS = (
					"$(inherited)",
					"@executable_path/Frameworks",
				);
				PRODUCT_BUNDLE_IDENTIFIER = com.cc.Landmarks;
				PRODUCT_NAME = "$(TARGET_NAME)";
				SWIFT_VERSION = 5.0;
				TARGETED_DEVICE_FAMILY = "1,2";
			};
			name = Release;
		};
/* End XCBuildConfiguration section */

/* Begin XCConfigurationList section */
		42A5611B254D945300632628 /* Build configuration list for PBXProject "Landmarks" */ = {
			isa = XCConfigurationList;
			buildConfigurations = (
				42A5612D254D945400632628 /* Debug */,
				42A5612E254D945400632628 /* Release */,
			);
			defaultConfigurationIsVisible = 0;
			defaultConfigurationName = Release;
		};
		42A5612F254D945400632628 /* Build configuration list for PBXNativeTarget "Landmarks" */ = {
			isa = XCConfigurationList;
			buildConfigurations = (
				42A56130254D945400632628 /* Debug */,
				42A56131254D945400632628 /* Release */,
			);
			defaultConfigurationIsVisible = 0;
			defaultConfigurationName = Release;
		};
/* End XCConfigurationList section */
	};
	rootObject = 42A56118254D945300632628 /* Project object */;
}
